
Microsoft Visual Studio Solution File, Format Version 12.00
Project("{FAE04EC0-301F-11D3-BF4B-00C04F79EFBC}") = "J3P1_Thom_Slaghekke_Opdracht_01", "J3P1_Thom_Slaghekke_Opdracht_01.csproj", "{4D648E9F-C0FD-48EC-8987-00DF78198CC3}"
EndProject
Global
	GlobalSection(SolutionConfigurationPlatforms) = preSolution
		Debug|Any CPU = Debug|Any CPU
		Release|Any CPU = Release|Any CPU
	EndGlobalSection
	GlobalSection(ProjectConfigurationPlatforms) = postSolution
		{4D648E9F-C0FD-48EC-8987-00DF78198CC3}.Debug|Any CPU.ActiveCfg = Debug|Any CPU
		{4D648E9F-C0FD-48EC-8987-00DF78198CC3}.Debug|Any CPU.Build.0 = Debug|Any CPU
		{4D648E9F-C0FD-48EC-8987-00DF78198CC3}.Release|Any CPU.ActiveCfg = Release|Any CPU
		{4D648E9F-C0FD-48EC-8987-00DF78198CC3}.Release|Any CPU.Build.0 = Release|Any CPU
	EndGlobalSection
EndGlobal
